
Microsoft Visual Studio Solution File, Format Version 12.00
# Visual Studio Version 17
VisualStudioVersion = 17.11.35312.102
MinimumVisualStudioVersion = 10.0.40219.1
Project("{151D2E53-A2C4-4D7D-83FE-D05416EBD58E}") = "Projet1", "Projet1.deployproj", "{D137835A-A0C8-46F8-BA2E-310CEEB25D41}"
EndProject
Global
	GlobalSection(SolutionConfigurationPlatforms) = preSolution
		Debug|Any CPU = Debug|Any CPU
		Release|Any CPU = Release|Any CPU
	EndGlobalSection
	GlobalSection(ProjectConfigurationPlatforms) = postSolution
		{D137835A-A0C8-46F8-BA2E-310CEEB25D41}.Debug|Any CPU.ActiveCfg = Debug|Any CPU
		{D137835A-A0C8-46F8-BA2E-310CEEB25D41}.Debug|Any CPU.Build.0 = Debug|Any CPU
		{D137835A-A0C8-46F8-BA2E-310CEEB25D41}.Release|Any CPU.ActiveCfg = Release|Any CPU
		{D137835A-A0C8-46F8-BA2E-310CEEB25D41}.Release|Any CPU.Build.0 = Release|Any CPU
	EndGlobalSection
	GlobalSection(SolutionProperties) = preSolution
		HideSolutionNode = FALSE
	EndGlobalSection
	GlobalSection(ExtensibilityGlobals) = postSolution
		SolutionGuid = {E1DD00BB-5228-4591-AC93-5CA7A68CA15A}
	EndGlobalSection
EndGlobal
